# @generated by Move, please check-in and do not edit manually.

[move]
version = 3
manifest_digest = "EC61F318C62A2C4DF31176DECA29B62C577ECC6FF8B68D58BEC79B97CC5C5DFB"
deps_digest = "F8BBB0CCB2491CA29A3DF03D6F92277A4F3574266507ACD77214D37ECA3F3082"
dependencies = [
  { id = "Sui", name = "Sui" },
]

[[move.package]]
id = "MoveStdlib"
source = { git = "https://github.com/MystenLabs/sui.git", rev = "framework/mainnet", subdir = "crates/sui-framework/packages/move-stdlib" }

[[move.package]]
id = "Sui"
source = { git = "https://github.com/MystenLabs/sui.git", rev = "framework/mainnet", subdir = "crates/sui-framework/packages/sui-framework" }

dependencies = [
  { id = "MoveStdlib", name = "MoveStdlib" },
]

[move.toolchain-version]
compiler-version = "1.55.0"
edition = "2024.beta"
flavor = "sui"

[env]

[env.testnet]
chain-id = "4c78adac"
original-published-id = "0xdd10953253b54c8a0b24908c8f2628b9d5b63f576e8623165804bf9ab6515e94"
latest-published-id = "0xdd10953253b54c8a0b24908c8f2628b9d5b63f576e8623165804bf9ab6515e94"
published-version = "1"

[env.mainnet]
chain-id = "35834a8a"
original-published-id = "0xb2a6c0ebfe6fdac6d8261fd0df496cc90522d745aada4a0bf699c5f32406d583"
latest-published-id = "0x7272ad3919fe1d558228bd9a1693e0265da562e5595fc40097634bfa2abd9322"
published-version = "3"
