# @generated by Move, please check-in and do not edit manually.

[move]
version = 3
manifest_digest = "AA8BD9100C0EA13E5D74CA8DEEB88E6190C3FAFA37A8E0162B868FA8CFE3A311"
deps_digest = "F8BBB0CCB2491CA29A3DF03D6F92277A4F3574266507ACD77214D37ECA3F3082"
dependencies = [
  { id = "Sui", name = "Sui" },
]

[[move.package]]
id = "MoveStdlib"
source = { git = "https://github.com/MystenLabs/sui.git", rev = "framework/testnet", subdir = "crates/sui-framework/packages/move-stdlib" }

[[move.package]]
id = "Sui"
source = { git = "https://github.com/MystenLabs/sui.git", rev = "framework/testnet", subdir = "crates/sui-framework/packages/sui-framework" }

dependencies = [
  { id = "MoveStdlib", name = "MoveStdlib" },
]

[move.toolchain-version]
compiler-version = "1.55.0"
edition = "2024.beta"
flavor = "sui"

[env]

[env.testnet]
chain-id = "4c78adac"
original-published-id = "0xdd10953253b54c8a0b24908c8f2628b9d5b63f576e8623165804bf9ab6515e94"
latest-published-id = "0xdd10953253b54c8a0b24908c8f2628b9d5b63f576e8623165804bf9ab6515e94"
published-version = "1"

[env.mainnet]
chain-id = "35834a8a"
original-published-id = "0xf053ee91251bfccab11f05ba48831ada4996cb4960c448fa35c7d83ce0ef4bbb"
latest-published-id = "0xf053ee91251bfccab11f05ba48831ada4996cb4960c448fa35c7d83ce0ef4bbb"
published-version = "1"
